lockfileVersion: '9.0'

settings:
  autoInstallPeers: true
  excludeLinksFromLockfile: false

importers:

  .:
    dependencies:
      dotenv:
        specifier: ^17.2.3
        version: 17.2.3
    devDependencies:
      '@clerk/testing':
        specifier: ^1.13.3
        version: 1.13.3(@playwright/test@1.56.0)(react@19.2.0)
      '@playwright/test':
        specifier: ^1.45.0
        version: 1.56.0
      '@types/node':
        specifier: ^24.7.0
        version: 24.7.0
      typescript:
        specifier: ^5.0.0
        version: 5.9.3

packages:

  '@clerk/backend@2.17.2':
    resolution: {integrity: sha512-zgKySfoOXySYOMEDc+S2vXLchCldwPVb85tyvP1NnmxvgyAm10yCA+xd4No4dNWm+lwkwHuNWX3rM9ro8khSmw==}
    engines: {node: '>=18.17.0'}

  '@clerk/shared@3.27.3':
    resolution: {integrity: sha512-OJqWwlQGi6XMVWJVtY1YmOESAkEAflDrynFSjwQQ/sC8c4hmUukIq07XTOlcv6j4u1i4akhtNwy40B1qiRrLdg==}
    engines: {node: '>=18.17.0'}
    peerDependencies:
      react: ^18.0.0 || ^19.0.0 || ^19.0.0-0
      react-dom: ^18.0.0 || ^19.0.0 || ^19.0.0-0
    peerDependenciesMeta:
      react:
        optional: true
      react-dom:
        optional: true

  '@clerk/testing@1.13.3':
    resolution: {integrity: sha512-5E1HavmqiqwyL0e8pem82XoY2/DykYoG3clhboNbxx2p8ngqNQ4p/Ha85VPp+rm6Ud3U7GHEI65nGGIyd/d71A==}
    engines: {node: '>=18.17.0'}
    peerDependencies:
      '@playwright/test': ^1
      cypress: ^13 || ^14
    peerDependenciesMeta:
      '@playwright/test':
        optional: true
      cypress:
        optional: true

  '@clerk/types@4.92.0':
    resolution: {integrity: sha512-+bUiHjqVXEHJIOOhshIy3uYDF/c4/yNc2BPfgPTXxxsbz/2wG0XUx0PL+mxUPiruPZOD+D63AtmORuFW3yBa2w==}
    engines: {node: '>=18.17.0'}

  '@playwright/test@1.56.0':
    resolution: {integrity: sha512-Tzh95Twig7hUwwNe381/K3PggZBZblKUe2wv25oIpzWLr6Z0m4KgV1ZVIjnR6GM9ANEqjZD7XsZEa6JL/7YEgg==}
    engines: {node: '>=18'}
    hasBin: true

  '@stablelib/base64@1.0.1':
    resolution: {integrity: sha512-1bnPQqSxSuc3Ii6MhBysoWCg58j97aUjuCSZrGSmDxNqtytIi0k8utUenAwTZN4V5mXXYGsVUI9zeBqy+jBOSQ==}

  '@types/node@24.7.0':
    resolution: {integrity: sha512-IbKooQVqUBrlzWTi79E8Fw78l8k1RNtlDDNWsFZs7XonuQSJ8oNYfEeclhprUldXISRMLzBpILuKgPlIxm+/Yw==}

  cookie@1.0.2:
    resolution: {integrity: sha512-9Kr/j4O16ISv8zBBhJoi4bXOYNTkFLOqSL3UDB0njXxCXNezjeyVrJyGOWtgfs/q2km1gwBcfH8q1yEGoMYunA==}
    engines: {node: '>=18'}

  csstype@3.1.3:
    resolution: {integrity: sha512-M1uQkMl8rQK/szD0LNhtqxIPLpimGm8sOBwU7lLnCpSbTyY3yeU1Vc7l4KT5zT4s/yOxHH5O7tIuuLOCnLADRw==}

  dequal@2.0.3:
    resolution: {integrity: sha512-0je+qPKHEMohvfRTCEo3CrPG6cAzAYgmzKyxRiYSSDkS6eGJdyVJm7WaYA5ECaAD9wLB2T4EEeymA5aFVcYXCA==}
    engines: {node: '>=6'}

  dotenv@17.2.2:
    resolution: {integrity: sha512-Sf2LSQP+bOlhKWWyhFsn0UsfdK/kCWRv1iuA2gXAwt3dyNabr6QSj00I2V10pidqz69soatm9ZwZvpQMTIOd5Q==}
    engines: {node: '>=12'}

  dotenv@17.2.3:
    resolution: {integrity: sha512-JVUnt+DUIzu87TABbhPmNfVdBDt18BLOWjMUFJMSi/Qqg7NTYtabbvSNJGOJ7afbRuv9D/lngizHtP7QyLQ+9w==}
    engines: {node: '>=12'}

  fast-sha256@1.3.0:
    resolution: {integrity: sha512-n11RGP/lrWEFI/bWdygLxhI+pVeo1ZYIVwvvPkW7azl/rOy+F3HYRZ2K5zeE9mmkhQppyv9sQFx0JM9UabnpPQ==}

  fsevents@2.3.2:
    resolution: {integrity: sha512-xiqMQR4xAeHTuB9uWm+fFRcIOgKBMiOBP+eXiyT7jsgVCq1bkVygt00oASowB7EdtpOHaaPgKt812P9ab+DDKA==}
    engines: {node: ^8.16.0 || ^10.6.0 || >=11.0.0}
    os: [darwin]

  glob-to-regexp@0.4.1:
    resolution: {integrity: sha512-lkX1HJXwyMcprw/5YUZc2s7DrpAiHB21/V+E1rHUrVNokkvB6bqMzT0VfV6/86ZNabt1k14YOIaT7nDvOX3Iiw==}

  js-cookie@3.0.5:
    resolution: {integrity: sha512-cEiJEAEoIbWfCZYKWhVwFuvPX1gETRYPw6LlaTKoxD3s2AkXzkCjnp6h0V77ozyqj0jakteJ4YqDJT830+lVGw==}
    engines: {node: '>=14'}

  playwright-core@1.56.0:
    resolution: {integrity: sha512-1SXl7pMfemAMSDn5rkPeZljxOCYAmQnYLBTExuh6E8USHXGSX3dx6lYZN/xPpTz1vimXmPA9CDnILvmJaB8aSQ==}
    engines: {node: '>=18'}
    hasBin: true

  playwright@1.56.0:
    resolution: {integrity: sha512-X5Q1b8lOdWIE4KAoHpW3SE8HvUB+ZZsUoN64ZhjnN8dOb1UpujxBtENGiZFE+9F/yhzJwYa+ca3u43FeLbboHA==}
    engines: {node: '>=18'}
    hasBin: true

  react@19.2.0:
    resolution: {integrity: sha512-tmbWg6W31tQLeB5cdIBOicJDJRR2KzXsV7uSK9iNfLWQ5bIZfxuPEHp7M8wiHyHnn0DD1i7w3Zmin0FtkrwoCQ==}
    engines: {node: '>=0.10.0'}

  standardwebhooks@1.0.0:
    resolution: {integrity: sha512-BbHGOQK9olHPMvQNHWul6MYlrRTAOKn03rOe4A8O3CLWhNf4YHBqq2HJKKC+sfqpxiBY52pNeesD6jIiLDz8jg==}

  std-env@3.9.0:
    resolution: {integrity: sha512-UGvjygr6F6tpH7o2qyqR6QYpwraIjKSdtzyBdyytFOHmPZY917kwdwLG0RbOjWOnKmnm3PeHjaoLLMie7kPLQw==}

  swr@2.3.4:
    resolution: {integrity: sha512-bYd2lrhc+VarcpkgWclcUi92wYCpOgMws9Sd1hG1ntAu0NEy+14CbotuFjshBU2kt9rYj9TSmDcybpxpeTU1fg==}
    peerDependencies:
      react: ^16.11.0 || ^17.0.0 || ^18.0.0 || ^19.0.0

  tslib@2.8.1:
    resolution: {integrity: sha512-oJFu94HQb+KVduSUQL7wnpmqnfmLsOA/nAh6b6EH0wCEoK0/mPeXU6c3wKDV83MkOuHPRHtSXKKU99IBazS/2w==}

  typescript@5.9.3:
    resolution: {integrity: sha512-jl1vZzPDinLr9eUt3J/t7V6FgNEw9QjvBPdysz9KfQDD41fQrC2Y4vKQdiaUpFT4bXlb1RHhLpp8wtm6M5TgSw==}
    engines: {node: '>=14.17'}
    hasBin: true

  undici-types@7.14.0:
    resolution: {integrity: sha512-QQiYxHuyZ9gQUIrmPo3IA+hUl4KYk8uSA7cHrcKd/l3p1OTpZcM0Tbp9x7FAtXdAYhlasd60ncPpgu6ihG6TOA==}

  use-sync-external-store@1.6.0:
    resolution: {integrity: sha512-Pp6GSwGP/NrPIrxVFAIkOQeyw8lFenOHijQWkUTrDvrF4ALqylP2C/KCkeS9dpUM3KvYRQhna5vt7IL95+ZQ9w==}
    peerDependencies:
      react: ^16.8.0 || ^17.0.0 || ^18.0.0 || ^19.0.0

snapshots:

  '@clerk/backend@2.17.2(react@19.2.0)':
    dependencies:
      '@clerk/shared': 3.27.3(react@19.2.0)
      '@clerk/types': 4.92.0
      cookie: 1.0.2
      standardwebhooks: 1.0.0
      tslib: 2.8.1
    transitivePeerDependencies:
      - react
      - react-dom

  '@clerk/shared@3.27.3(react@19.2.0)':
    dependencies:
      '@clerk/types': 4.92.0
      dequal: 2.0.3
      glob-to-regexp: 0.4.1
      js-cookie: 3.0.5
      std-env: 3.9.0
      swr: 2.3.4(react@19.2.0)
    optionalDependencies:
      react: 19.2.0

  '@clerk/testing@1.13.3(@playwright/test@1.56.0)(react@19.2.0)':
    dependencies:
      '@clerk/backend': 2.17.2(react@19.2.0)
      '@clerk/shared': 3.27.3(react@19.2.0)
      '@clerk/types': 4.92.0
      dotenv: 17.2.2
    optionalDependencies:
      '@playwright/test': 1.56.0
    transitivePeerDependencies:
      - react
      - react-dom

  '@clerk/types@4.92.0':
    dependencies:
      csstype: 3.1.3

  '@playwright/test@1.56.0':
    dependencies:
      playwright: 1.56.0

  '@stablelib/base64@1.0.1': {}

  '@types/node@24.7.0':
    dependencies:
      undici-types: 7.14.0

  cookie@1.0.2: {}

  csstype@3.1.3: {}

  dequal@2.0.3: {}

  dotenv@17.2.2: {}

  dotenv@17.2.3: {}

  fast-sha256@1.3.0: {}

  fsevents@2.3.2:
    optional: true

  glob-to-regexp@0.4.1: {}

  js-cookie@3.0.5: {}

  playwright-core@1.56.0: {}

  playwright@1.56.0:
    dependencies:
      playwright-core: 1.56.0
    optionalDependencies:
      fsevents: 2.3.2

  react@19.2.0: {}

  standardwebhooks@1.0.0:
    dependencies:
      '@stablelib/base64': 1.0.1
      fast-sha256: 1.3.0

  std-env@3.9.0: {}

  swr@2.3.4(react@19.2.0):
    dependencies:
      dequal: 2.0.3
      react: 19.2.0
      use-sync-external-store: 1.6.0(react@19.2.0)

  tslib@2.8.1: {}

  typescript@5.9.3: {}

  undici-types@7.14.0: {}

  use-sync-external-store@1.6.0(react@19.2.0):
    dependencies:
      react: 19.2.0
